
Microsoft Visual Studio Solution File, Format Version 12.00
# Visual Studio 15
VisualStudioVersion = 15.0.27130.2010
MinimumVisualStudioVersion = 10.0.40219.1
Project("{FAE04EC0-301F-11D3-BF4B-00C04F79EFBC}") = "ControlClock", "ControlClock\ControlClock.csproj", "{781FF2B6-8CAB-4806-8F51-7338F95C795B}"
EndProject
Global
	GlobalSection(SolutionConfigurationPlatforms) = preSolution
		Debug|Any CPU = Debug|Any CPU
		Release|Any CPU = Release|Any CPU
	EndGlobalSection
	GlobalSection(ProjectConfigurationPlatforms) = postSolution
		{781FF2B6-8CAB-4806-8F51-7338F95C795B}.Debug|Any CPU.ActiveCfg = Debug|Any CPU
		{781FF2B6-8CAB-4806-8F51-7338F95C795B}.Debug|Any CPU.Build.0 = Debug|Any CPU
		{781FF2B6-8CAB-4806-8F51-7338F95C795B}.Release|Any CPU.ActiveCfg = Release|Any CPU
		{781FF2B6-8CAB-4806-8F51-7338F95C795B}.Release|Any CPU.Build.0 = Release|Any CPU
	EndGlobalSection
	GlobalSection(SolutionProperties) = preSolution
		HideSolutionNode = FALSE
	EndGlobalSection
	GlobalSection(ExtensibilityGlobals) = postSolution
		SolutionGuid = {5A826F37-4400-4789-9063-4991B1B0D521}
	EndGlobalSection
EndGlobal
